// !$*UTF8*$!
{
	archiveVersion = 1;
	classes = {
	};
	objectVersion = 50;
	objects = {

/* Begin PBXBuildFile section */
		4334BB2C277DBC4D00B08D0D /* iosApp.swift in Sources */ = {isa = PBXBuildFile; fileRef = 4334BB2B277DBC4D00B08D0D /* iosApp.swift */; };
		4334BB2E277DBC4D00B08D0D /* ContentView.swift in Sources */ = {isa = PBXBuildFile; fileRef = 4334BB2D277DBC4D00B08D0D /* ContentView.swift */; };
		4334BB30277DBC4F00B08D0D /* Assets.xcassets in Resources */ = {isa = PBXBuildFile; fileRef = 4334BB2F277DBC4F00B08D0D /* Assets.xcassets */; };
		4334BB33277DBC4F00B08D0D /* Preview Assets.xcassets in Resources */ = {isa = PBXBuildFile; fileRef = 4334BB32277DBC4F00B08D0D /* Preview Assets.xcassets */; };
		4334BB3E277DBC4F00B08D0D /* iosTests.swift in Sources */ = {isa = PBXBuildFile; fileRef = 4334BB3D277DBC4F00B08D0D /* iosTests.swift */; };
		4334BB49277DBC4F00B08D0D /* iosUITests.swift in Sources */ = {isa = PBXBuildFile; fileRef = 4334BB48277DBC4F00B08D0D /* iosUITests.swift */; };
/* End PBXBuildFile section */

/* Begin PBXContainerItemProxy section */
		4334BB3A277DBC4F00B08D0D /* PBXContainerItemProxy */ = {
			isa = PBXContainerItemProxy;
			containerPortal = 4334BB20277DBC4D00B08D0D /* Project object */;
			proxyType = 1;
			remoteGlobalIDString = 4334BB27277DBC4D00B08D0D;
			remoteInfo = ios;
		};
		4334BB45277DBC4F00B08D0D /* PBXContainerItemProxy */ = {
			isa = PBXContainerItemProxy;
			containerPortal = 4334BB20277DBC4D00B08D0D /* Project object */;
			proxyType = 1;
			remoteGlobalIDString = 4334BB27277DBC4D00B08D0D;
			remoteInfo = ios;
		};
/* End PBXContainerItemProxy section */

/* Begin PBXFileReference section */
		4334BB28277DBC4D00B08D0D /* ios.app */ = {isa = PBXFileReference; explicitFileType = wrapper.application; includeInIndex = 0; path = ios.app; sourceTree = BUILT_PRODUCTS_DIR; };
		4334BB2B277DBC4D00B08D0D /* iosApp.swift */ = {isa = PBXFileReference; lastKnownFileType = sourcecode.swift; path = iosApp.swift; sourceTree = "<group>"; };
		4334BB2D277DBC4D00B08D0D /* ContentView.swift */ = {isa = PBXFileReference; lastKnownFileType = sourcecode.swift; path = ContentView.swift; sourceTree = "<group>"; };
		4334BB2F277DBC4F00B08D0D /* Assets.xcassets */ = {isa = PBXFileReference; lastKnownFileType = folder.assetcatalog; path = Assets.xcassets; sourceTree = "<group>"; };
		4334BB32277DBC4F00B08D0D /* Preview Assets.xcassets */ = {isa = PBXFileReference; lastKnownFileType = folder.assetcatalog; path = "Preview Assets.xcassets"; sourceTree = "<group>"; };
		4334BB34277DBC4F00B08D0D /* Info.plist */ = {isa = PBXFileReference; lastKnownFileType = text.plist.xml; path = Info.plist; sourceTree = "<group>"; };
		4334BB39277DBC4F00B08D0D /* iosTests.xctest */ = {isa = PBXFileReference; explicitFileType = wrapper.cfbundle; includeInIndex = 0; path = iosTests.xctest; sourceTree = BUILT_PRODUCTS_DIR; };
		4334BB3D277DBC4F00B08D0D /* iosTests.swift */ = {isa = PBXFileReference; lastKnownFileType = sourcecode.swift; path = iosTests.swift; sourceTree = "<group>"; };
		4334BB3F277DBC4F00B08D0D /* Info.plist */ = {isa = PBXFileReference; lastKnownFileType = text.plist.xml; path = Info.plist; sourceTree = "<group>"; };
		4334BB44277DBC4F00B08D0D /* iosUITests.xctest */ = {isa = PBXFileReference; explicitFileType = wrapper.cfbundle; includeInIndex = 0; path = iosUITests.xctest; sourceTree = BUILT_PRODUCTS_DIR; };
		4334BB48277DBC4F00B08D0D /* iosUITests.swift */ = {isa = PBXFileReference; lastKnownFileType = sourcecode.swift; path = iosUITests.swift; sourceTree = "<group>"; };
		4334BB4A277DBC4F00B08D0D /* Info.plist */ = {isa = PBXFileReference; lastKnownFileType = text.plist.xml; path = Info.plist; sourceTree = "<group>"; };
/* End PBXFileReference section */

/* Begin PBXFrameworksBuildPhase section */
		4334BB25277DBC4D00B08D0D /* Frameworks */ = {
			isa = PBXFrameworksBuildPhase;
			buildActionMask = 2147483647;
			files = (
			);
			runOnlyForDeploymentPostprocessing = 0;
		};
		4334BB36277DBC4F00B08D0D /* Frameworks */ = {
			isa = PBXFrameworksBuildPhase;
			buildActionMask = 2147483647;
			files = (
			);
			runOnlyForDeploymentPostprocessing = 0;
		};
		4334BB41277DBC4F00B08D0D /* Frameworks */ = {
			isa = PBXFrameworksBuildPhase;
			buildActionMask = 2147483647;
			files = (
			);
			runOnlyForDeploymentPostprocessing = 0;
		};
/* End PBXFrameworksBuildPhase section */

/* Begin PBXGroup section */
		4334BB1F277DBC4D00B08D0D = {
			isa = PBXGroup;
			children = (
				4334BB2A277DBC4D00B08D0D /* ios */,
				4334BB3C277DBC4F00B08D0D /* iosTests */,
				4334BB47277DBC4F00B08D0D /* iosUITests */,
				4334BB29277DBC4D00B08D0D /* Products */,
			);
			sourceTree = "<group>";
		};
		4334BB29277DBC4D00B08D0D /* Products */ = {
			isa = PBXGroup;
			children = (
				4334BB28277DBC4D00B08D0D /* ios.app */,
				4334BB39277DBC4F00B08D0D /* iosTests.xctest */,
				4334BB44277DBC4F00B08D0D /* iosUITests.xctest */,
			);
			name = Products;
			sourceTree = "<group>";
		};
		4334BB2A277DBC4D00B08D0D /* ios */ = {
			isa = PBXGroup;
			children = (
				4334BB2B277DBC4D00B08D0D /* iosApp.swift */,
				4334BB2D277DBC4D00B08D0D /* ContentView.swift */,
				4334BB2F277DBC4F00B08D0D /* Assets.xcassets */,
				4334BB34277DBC4F00B08D0D /* Info.plist */,
				4334BB31277DBC4F00B08D0D /* Preview Content */,
			);
			path = ios;
			sourceTree = "<group>";
		};
		4334BB31277DBC4F00B08D0D /* Preview Content */ = {
			isa = PBXGroup;
			children = (
				4334BB32277DBC4F00B08D0D /* Preview Assets.xcassets */,
			);
			path = "Preview Content";
			sourceTree = "<group>";
		};
		4334BB3C277DBC4F00B08D0D /* iosTests */ = {
			isa = PBXGroup;
			children = (
				4334BB3D277DBC4F00B08D0D /* iosTests.swift */,
				4334BB3F277DBC4F00B08D0D /* Info.plist */,
			);
			path = iosTests;
			sourceTree = "<group>";
		};
		4334BB47277DBC4F00B08D0D /* iosUITests */ = {
			isa = PBXGroup;
			children = (
				4334BB48277DBC4F00B08D0D /* iosUITests.swift */,
				4334BB4A277DBC4F00B08D0D /* Info.plist */,
			);
			path = iosUITests;
			sourceTree = "<group>";
		};
/* End PBXGroup section */

/* Begin PBXNativeTarget section */
		4334BB27277DBC4D00B08D0D /* ios */ = {
			isa = PBXNativeTarget;
			buildConfigurationList = 4334BB4D277DBC4F00B08D0D /* Build configuration list for PBXNativeTarget "ios" */;
			buildPhases = (
				4334BB24277DBC4D00B08D0D /* Sources */,
				4334BB25277DBC4D00B08D0D /* Frameworks */,
				4334BB26277DBC4D00B08D0D /* Resources */,
			);
			buildRules = (
			);
			dependencies = (
			);
			name = ios;
			productName = ios;
			productReference = 4334BB28277DBC4D00B08D0D /* ios.app */;
			productType = "com.apple.product-type.application";
		};
		4334BB38277DBC4F00B08D0D /* iosTests */ = {
			isa = PBXNativeTarget;
			buildConfigurationList = 4334BB50277DBC4F00B08D0D /* Build configuration list for PBXNativeTarget "iosTests" */;
			buildPhases = (
				4334BB35277DBC4F00B08D0D /* Sources */,
				4334BB36277DBC4F00B08D0D /* Frameworks */,
				4334BB37277DBC4F00B08D0D /* Resources */,
			);
			buildRules = (
			);
			dependencies = (
				4334BB3B277DBC4F00B08D0D /* PBXTargetDependency */,
			);
			name = iosTests;
			productName = iosTests;
			productReference = 4334BB39277DBC4F00B08D0D /* iosTests.xctest */;
			productType = "com.apple.product-type.bundle.unit-test";
		};
		4334BB43277DBC4F00B08D0D /* iosUITests */ = {
			isa = PBXNativeTarget;
			buildConfigurationList = 4334BB53277DBC4F00B08D0D /* Build configuration list for PBXNativeTarget "iosUITests" */;
			buildPhases = (
				4334BB40277DBC4F00B08D0D /* Sources */,
				4334BB41277DBC4F00B08D0D /* Frameworks */,
				4334BB42277DBC4F00B08D0D /* Resources */,
			);
			buildRules = (
			);
			dependencies = (
				4334BB46277DBC4F00B08D0D /* PBXTargetDependency */,
			);
			name = iosUITests;
			productName = iosUITests;
			productReference = 4334BB44277DBC4F00B08D0D /* iosUITests.xctest */;
			productType = "com.apple.product-type.bundle.ui-testing";
		};
/* End PBXNativeTarget section */

/* Begin PBXProject section */
		4334BB20277DBC4D00B08D0D /* Project object */ = {
			isa = PBXProject;
			attributes = {
				LastSwiftUpdateCheck = 1240;
				LastUpgradeCheck = 1240;
				TargetAttributes = {
					4334BB27277DBC4D00B08D0D = {
						CreatedOnToolsVersion = 12.4;
					};
					4334BB38277DBC4F00B08D0D = {
						CreatedOnToolsVersion = 12.4;
						TestTargetID = 4334BB27277DBC4D00B08D0D;
					};
					4334BB43277DBC4F00B08D0D = {
						CreatedOnToolsVersion = 12.4;
						TestTargetID = 4334BB27277DBC4D00B08D0D;
					};
				};
			};
			buildConfigurationList = 4334BB23277DBC4D00B08D0D /* Build configuration list for PBXProject "ios" */;
			compatibilityVersion = "Xcode 9.3";
			developmentRegion = en;
			hasScannedForEncodings = 0;
			knownRegions = (
				en,
				Base,
			);
			mainGroup = 4334BB1F277DBC4D00B08D0D;
			productRefGroup = 4334BB29277DBC4D00B08D0D /* Products */;
			projectDirPath = "";
			projectRoot = "";
			targets = (
				4334BB27277DBC4D00B08D0D /* ios */,
				4334BB38277DBC4F00B08D0D /* iosTests */,
				4334BB43277DBC4F00B08D0D /* iosUITests */,
			);
		};
/* End PBXProject section */

/* Begin PBXResourcesBuildPhase section */
		4334BB26277DBC4D00B08D0D /* Resources */ = {
			isa = PBXResourcesBuildPhase;
			buildActionMask = 2147483647;
			files = (
				4334BB33277DBC4F00B08D0D /* Preview Assets.xcassets in Resources */,
				4334BB30277DBC4F00B08D0D /* Assets.xcassets in Resources */,
			);
			runOnlyForDeploymentPostprocessing = 0;
		};
		4334BB37277DBC4F00B08D0D /* Resources */ = {
			isa = PBXResourcesBuildPhase;
			buildActionMask = 2147483647;
			files = (
			);
			runOnlyForDeploymentPostprocessing = 0;
		};
		4334BB42277DBC4F00B08D0D /* Resources */ = {
			isa = PBXResourcesBuildPhase;
			buildActionMask = 2147483647;
			files = (
			);
			runOnlyForDeploymentPostprocessing = 0;
		};
/* End PBXResourcesBuildPhase section */

/* Begin PBXSourcesBuildPhase section */
		4334BB24277DBC4D00B08D0D /* Sources */ = {
			isa = PBXSourcesBuildPhase;
			buildActionMask = 2147483647;
			files = (
				4334BB2E277DBC4D00B08D0D /* ContentView.swift in Sources */,
				4334BB2C277DBC4D00B08D0D /* iosApp.swift in Sources */,
			);
			runOnlyForDeploymentPostprocessing = 0;
		};
		4334BB35277DBC4F00B08D0D /* Sources */ = {
			isa = PBXSourcesBuildPhase;
			buildActionMask = 2147483647;
			files = (
				4334BB3E277DBC4F00B08D0D /* iosTests.swift in Sources */,
			);
			runOnlyForDeploymentPostprocessing = 0;
		};
		4334BB40277DBC4F00B08D0D /* Sources */ = {
			isa = PBXSourcesBuildPhase;
			buildActionMask = 2147483647;
			files = (
				4334BB49277DBC4F00B08D0D /* iosUITests.swift in Sources */,
			);
			runOnlyForDeploymentPostprocessing = 0;
		};
/* End PBXSourcesBuildPhase section */

/* Begin PBXTargetDependency section */
		4334BB3B277DBC4F00B08D0D /* PBXTargetDependency */ = {
			isa = PBXTargetDependency;
			target = 4334BB27277DBC4D00B08D0D /* ios */;
			targetProxy = 4334BB3A277DBC4F00B08D0D /* PBXContainerItemProxy */;
		};
		4334BB46277DBC4F00B08D0D /* PBXTargetDependency */ = {
			isa = PBXTargetDependency;
			target = 4334BB27277DBC4D00B08D0D /* ios */;
			targetProxy = 4334BB45277DBC4F00B08D0D /* PBXContainerItemProxy */;
		};
/* End PBXTargetDependency section */

/* Begin XCBuildConfiguration section */
		4334BB4B277DBC4F00B08D0D /* Debug */ = {
			isa = XCBuildConfiguration;
			buildSettings = {
				ALWAYS_SEARCH_USER_PATHS = NO;
				CLANG_ANALYZER_NONNULL = YES;
				CLANG_ANALYZER_NUMBER_OBJECT_CONVERSION = YES_AGGRESSIVE;
				CLANG_CXX_LANGUAGE_STANDARD = "gnu++14";
				CLANG_CXX_LIBRARY = "libc++";
				CLANG_ENABLE_MODULES = YES;
				CLANG_ENABLE_OBJC_ARC = YES;
				CLANG_ENABLE_OBJC_WEAK = YES;
				CLANG_WARN_BLOCK_CAPTURE_AUTORELEASING = YES;
				CLANG_WARN_BOOL_CONVERSION = YES;
				CLANG_WARN_COMMA = YES;
				CLANG_WARN_CONSTANT_CONVERSION = YES;
				CLANG_WARN_DEPRECATED_OBJC_IMPLEMENTATIONS = YES;
				CLANG_WARN_DIRECT_OBJC_ISA_USAGE = YES_ERROR;
				CLANG_WARN_DOCUMENTATION_COMMENTS = YES;
				CLANG_WARN_EMPTY_BODY = YES;
				CLANG_WARN_ENUM_CONVERSION = YES;
				CLANG_WARN_INFINITE_RECURSION = YES;
				CLANG_WARN_INT_CONVERSION = YES;
				CLANG_WARN_NON_LITERAL_NULL_CONVERSION = YES;
				CLANG_WARN_OBJC_IMPLICIT_RETAIN_SELF = YES;
				CLANG_WARN_OBJC_LITERAL_CONVERSION = YES;
				CLANG_WARN_OBJC_ROOT_CLASS = YES_ERROR;
				CLANG_WARN_QUOTED_INCLUDE_IN_FRAMEWORK_HEADER = YES;
				CLANG_WARN_RANGE_LOOP_ANALYSIS = YES;
				CLANG_WARN_STRICT_PROTOTYPES = YES;
				CLANG_WARN_SUSPICIOUS_MOVE = YES;
				CLANG_WARN_UNGUARDED_AVAILABILITY = YES_AGGRESSIVE;
				CLANG_WARN_UNREACHABLE_CODE = YES;
				CLANG_WARN__DUPLICATE_METHOD_MATCH = YES;
				COPY_PHASE_STRIP = NO;
				DEBUG_INFORMATION_FORMAT = dwarf;
				ENABLE_STRICT_OBJC_MSGSEND = YES;
				ENABLE_TESTABILITY = YES;
				GCC_C_LANGUAGE_STANDARD = gnu11;
				GCC_DYNAMIC_NO_PIC = NO;
				GCC_NO_COMMON_BLOCKS = YES;
				GCC_OPTIMIZATION_LEVEL = 0;
				GCC_PREPROCESSOR_DEFINITIONS = (
					"DEBUG=1",
					"$(inherited)",
				);
				GCC_WARN_64_TO_32_BIT_CONVERSION = YES;
				GCC_WARN_ABOUT_RETURN_TYPE = YES_ERROR;
				GCC_WARN_UNDECLARED_SELECTOR = YES;
				GCC_WARN_UNINITIALIZED_AUTOS = YES_AGGRESSIVE;
				GCC_WARN_UNUSED_FUNCTION = YES;
				GCC_WARN_UNUSED_VARIABLE = YES;
				IPHONEOS_DEPLOYMENT_TARGET = 14.4;
				MTL_ENABLE_DEBUG_INFO = INCLUDE_SOURCE;
				MTL_FAST_MATH = YES;
				ONLY_ACTIVE_ARCH = YES;
				SDKROOT = iphoneos;
				SWIFT_ACTIVE_COMPILATION_CONDITIONS = DEBUG;
				SWIFT_OPTIMIZATION_LEVEL = "-Onone";
			};
			name = Debug;
		};
		4334BB4C277DBC4F00B08D0D /* Release */ = {
			isa = XCBuildConfiguration;
			buildSettings = {
				ALWAYS_SEARCH_USER_PATHS = NO;
				CLANG_ANALYZER_NONNULL = YES;
				CLANG_ANALYZER_NUMBER_OBJECT_CONVERSION = YES_AGGRESSIVE;
				CLANG_CXX_LANGUAGE_STANDARD = "gnu++14";
				CLANG_CXX_LIBRARY = "libc++";
				CLANG_ENABLE_MODULES = YES;
				CLANG_ENABLE_OBJC_ARC = YES;
				CLANG_ENABLE_OBJC_WEAK = YES;
				CLANG_WARN_BLOCK_CAPTURE_AUTORELEASING = YES;
				CLANG_WARN_BOOL_CONVERSION = YES;
				CLANG_WARN_COMMA = YES;
				CLANG_WARN_CONSTANT_CONVERSION = YES;
				CLANG_WARN_DEPRECATED_OBJC_IMPLEMENTATIONS = YES;
				CLANG_WARN_DIRECT_OBJC_ISA_USAGE = YES_ERROR;
				CLANG_WARN_DOCUMENTATION_COMMENTS = YES;
				CLANG_WARN_EMPTY_BODY = YES;
				CLANG_WARN_ENUM_CONVERSION = YES;
				CLANG_WARN_INFINITE_RECURSION = YES;
				CLANG_WARN_INT_CONVERSION = YES;
				CLANG_WARN_NON_LITERAL_NULL_CONVERSION = YES;
				CLANG_WARN_OBJC_IMPLICIT_RETAIN_SELF = YES;
				CLANG_WARN_OBJC_LITERAL_CONVERSION = YES;
				CLANG_WARN_OBJC_ROOT_CLASS = YES_ERROR;
				CLANG_WARN_QUOTED_INCLUDE_IN_FRAMEWORK_HEADER = YES;
				CLANG_WARN_RANGE_LOOP_ANALYSIS = YES;
				CLANG_WARN_STRICT_PROTOTYPES = YES;
				CLANG_WARN_SUSPICIOUS_MOVE = YES;
				CLANG_WARN_UNGUARDED_AVAILABILITY = YES_AGGRESSIVE;
				CLANG_WARN_UNREACHABLE_CODE = YES;
				CLANG_WARN__DUPLICATE_METHOD_MATCH = YES;
				COPY_PHASE_STRIP = NO;
				DEBUG_INFORMATION_FORMAT = "dwarf-with-dsym";
				ENABLE_NS_ASSERTIONS = NO;
				ENABLE_STRICT_OBJC_MSGSEND = YES;
				GCC_C_LANGUAGE_STANDARD = gnu11;
				GCC_NO_COMMON_BLOCKS = YES;
				GCC_WARN_64_TO_32_BIT_CONVERSION = YES;
				GCC_WARN_ABOUT_RETURN_TYPE = YES_ERROR;
				GCC_WARN_UNDECLARED_SELECTOR = YES;
				GCC_WARN_UNINITIALIZED_AUTOS = YES_AGGRESSIVE;
				GCC_WARN_UNUSED_FUNCTION = YES;
				GCC_WARN_UNUSED_VARIABLE = YES;
				IPHONEOS_DEPLOYMENT_TARGET = 14.4;
				MTL_ENABLE_DEBUG_INFO = NO;
				MTL_FAST_MATH = YES;
				SDKROOT = iphoneos;
				SWIFT_COMPILATION_MODE = wholemodule;
				SWIFT_OPTIMIZATION_LEVEL = "-O";
				VALIDATE_PRODUCT = YES;
			};
			name = Release;
		};
		4334BB4E277DBC4F00B08D0D /* Debug */ = {
			isa = XCBuildConfiguration;
			buildSettings = {
				ASSETCATALOG_COMPILER_APPICON_NAME = AppIcon;
				ASSETCATALOG_COMPILER_GLOBAL_ACCENT_COLOR_NAME = AccentColor;
				CODE_SIGN_STYLE = Automatic;
				DEVELOPMENT_ASSET_PATHS = "\"ios/Preview Content\"";
				DEVELOPMENT_TEAM = D8RC39N7DQ;
				ENABLE_PREVIEWS = YES;
				INFOPLIST_FILE = ios/Info.plist;
				IPHONEOS_DEPLOYMENT_TARGET = 14.0;
				LD_RUNPATH_SEARCH_PATHS = (
					"$(inherited)",
					"@executable_path/Frameworks",
				);
				PRODUCT_BUNDLE_IDENTIFIER = com.rc.ios;
				PRODUCT_NAME = "$(TARGET_NAME)";
				SWIFT_VERSION = 5.0;
				TARGETED_DEVICE_FAMILY = "1,2";
			};
			name = Debug;
		};
		4334BB4F277DBC4F00B08D0D /* Release */ = {
			isa = XCBuildConfiguration;
			buildSettings = {
				ASSETCATALOG_COMPILER_APPICON_NAME = AppIcon;
				ASSETCATALOG_COMPILER_GLOBAL_ACCENT_COLOR_NAME = AccentColor;
				CODE_SIGN_STYLE = Automatic;
				DEVELOPMENT_ASSET_PATHS = "\"ios/Preview Content\"";
				DEVELOPMENT_TEAM = D8RC39N7DQ;
				ENABLE_PREVIEWS = YES;
				INFOPLIST_FILE = ios/Info.plist;
				IPHONEOS_DEPLOYMENT_TARGET = 14.0;
				LD_RUNPATH_SEARCH_PATHS = (
					"$(inherited)",
					"@executable_path/Frameworks",
				);
				PRODUCT_BUNDLE_IDENTIFIER = com.rc.ios;
				PRODUCT_NAME = "$(TARGET_NAME)";
				SWIFT_VERSION = 5.0;
				TARGETED_DEVICE_FAMILY = "1,2";
			};
			name = Release;
		};
		4334BB51277DBC4F00B08D0D /* Debug */ = {
			isa = XCBuildConfiguration;
			buildSettings = {
				ALWAYS_EMBED_SWIFT_STANDARD_LIBRARIES = YES;
				BUNDLE_LOADER = "$(TEST_HOST)";
				CODE_SIGN_STYLE = Automatic;
				DEVELOPMENT_TEAM = D8RC39N7DQ;
				INFOPLIST_FILE = iosTests/Info.plist;
				IPHONEOS_DEPLOYMENT_TARGET = 14.0;
				LD_RUNPATH_SEARCH_PATHS = (
					"$(inherited)",
					"@executable_path/Frameworks",
					"@loader_path/Frameworks",
				);
				PRODUCT_BUNDLE_IDENTIFIER = com.rc.iosTests;
				PRODUCT_NAME = "$(TARGET_NAME)";
				SWIFT_VERSION = 5.0;
				TARGETED_DEVICE_FAMILY = "1,2";
				TEST_HOST = "$(BUILT_PRODUCTS_DIR)/ios.app/ios";
			};
			name = Debug;
		};
		4334BB52277DBC4F00B08D0D /* Release */ = {
			isa = XCBuildConfiguration;
			buildSettings = {
				ALWAYS_EMBED_SWIFT_STANDARD_LIBRARIES = YES;
				BUNDLE_LOADER = "$(TEST_HOST)";
				CODE_SIGN_STYLE = Automatic;
				DEVELOPMENT_TEAM = D8RC39N7DQ;
				INFOPLIST_FILE = iosTests/Info.plist;
				IPHONEOS_DEPLOYMENT_TARGET = 14.0;
				LD_RUNPATH_SEARCH_PATHS = (
					"$(inherited)",
					"@executable_path/Frameworks",
					"@loader_path/Frameworks",
				);
				PRODUCT_BUNDLE_IDENTIFIER = com.rc.iosTests;
				PRODUCT_NAME = "$(TARGET_NAME)";
				SWIFT_VERSION = 5.0;
				TARGETED_DEVICE_FAMILY = "1,2";
				TEST_HOST = "$(BUILT_PRODUCTS_DIR)/ios.app/ios";
			};
			name = Release;
		};
		4334BB54277DBC4F00B08D0D /* Debug */ = {
			isa = XCBuildConfiguration;
			buildSettings = {
				ALWAYS_EMBED_SWIFT_STANDARD_LIBRARIES = YES;
				CODE_SIGN_STYLE = Automatic;
				DEVELOPMENT_TEAM = D8RC39N7DQ;
				INFOPLIST_FILE = iosUITests/Info.plist;
				LD_RUNPATH_SEARCH_PATHS = (
					"$(inherited)",
					"@executable_path/Frameworks",
					"@loader_path/Frameworks",
				);
				PRODUCT_BUNDLE_IDENTIFIER = com.rc.iosUITests;
				PRODUCT_NAME = "$(TARGET_NAME)";
				SWIFT_VERSION = 5.0;
				TARGETED_DEVICE_FAMILY = "1,2";
				TEST_TARGET_NAME = ios;
			};
			name = Debug;
		};
		4334BB55277DBC4F00B08D0D /* Release */ = {
			isa = XCBuildConfiguration;
			buildSettings = {
				ALWAYS_EMBED_SWIFT_STANDARD_LIBRARIES = YES;
				CODE_SIGN_STYLE = Automatic;
				DEVELOPMENT_TEAM = D8RC39N7DQ;
				INFOPLIST_FILE = iosUITests/Info.plist;
				LD_RUNPATH_SEARCH_PATHS = (
					"$(inherited)",
					"@executable_path/Frameworks",
					"@loader_path/Frameworks",
				);
				PRODUCT_BUNDLE_IDENTIFIER = com.rc.iosUITests;
				PRODUCT_NAME = "$(TARGET_NAME)";
				SWIFT_VERSION = 5.0;
				TARGETED_DEVICE_FAMILY = "1,2";
				TEST_TARGET_NAME = ios;
			};
			name = Release;
		};
/* End XCBuildConfiguration section */

/* Begin XCConfigurationList section */
		4334BB23277DBC4D00B08D0D /* Build configuration list for PBXProject "ios" */ = {
			isa = XCConfigurationList;
			buildConfigurations = (
				4334BB4B277DBC4F00B08D0D /* Debug */,
				4334BB4C277DBC4F00B08D0D /* Release */,
			);
			defaultConfigurationIsVisible = 0;
			defaultConfigurationName = Release;
		};
		4334BB4D277DBC4F00B08D0D /* Build configuration list for PBXNativeTarget "ios" */ = {
			isa = XCConfigurationList;
			buildConfigurations = (
				4334BB4E277DBC4F00B08D0D /* Debug */,
				4334BB4F277DBC4F00B08D0D /* Release */,
			);
			defaultConfigurationIsVisible = 0;
			defaultConfigurationName = Release;
		};
		4334BB50277DBC4F00B08D0D /* Build configuration list for PBXNativeTarget "iosTests" */ = {
			isa = XCConfigurationList;
			buildConfigurations = (
				4334BB51277DBC4F00B08D0D /* Debug */,
				4334BB52277DBC4F00B08D0D /* Release */,
			);
			defaultConfigurationIsVisible = 0;
			defaultConfigurationName = Release;
		};
		4334BB53277DBC4F00B08D0D /* Build configuration list for PBXNativeTarget "iosUITests" */ = {
			isa = XCConfigurationList;
			buildConfigurations = (
				4334BB54277DBC4F00B08D0D /* Debug */,
				4334BB55277DBC4F00B08D0D /* Release */,
			);
			defaultConfigurationIsVisible = 0;
			defaultConfigurationName = Release;
		};
/* End XCConfigurationList section */
	};
	rootObject = 4334BB20277DBC4D00B08D0D /* Project object */;
}
